
Microsoft Visual Studio Solution File, Format Version 12.00
# Visual Studio Version 16
VisualStudioVersion = 16.0.31911.196
MinimumVisualStudioVersion = 10.0.40219.1
Project("{FAE04EC0-301F-11D3-BF4B-00C04F79EFBC}") = "WebMyCinema", "WebMyCinema\WebMyCinema.csproj", "{7D7522E1-36B1-4626-938A-F60364694A0C}"
EndProject
Global
	GlobalSection(SolutionConfigurationPlatforms) = preSolution
		Debug|Any CPU = Debug|Any CPU
		Release|Any CPU = Release|Any CPU
	EndGlobalSection
	GlobalSection(ProjectConfigurationPlatforms) = postSolution
		{7D7522E1-36B1-4626-938A-F60364694A0C}.Debug|Any CPU.ActiveCfg = Debug|Any CPU
		{7D7522E1-36B1-4626-938A-F60364694A0C}.Debug|Any CPU.Build.0 = Debug|Any CPU
		{7D7522E1-36B1-4626-938A-F60364694A0C}.Release|Any CPU.ActiveCfg = Release|Any CPU
		{7D7522E1-36B1-4626-938A-F60364694A0C}.Release|Any CPU.Build.0 = Release|Any CPU
	EndGlobalSection
	GlobalSection(SolutionProperties) = preSolution
		HideSolutionNode = FALSE
	EndGlobalSection
	GlobalSection(ExtensibilityGlobals) = postSolution
		SolutionGuid = {498B8C15-1B13-4054-8BAA-54F0FC5E0BB4}
	EndGlobalSection
EndGlobal
